// !$*UTF8*$!
{
	archiveVersion = 1;
	classes = {
	};
	objectVersion = 54;
	objects = {

/* Begin PBXBuildFile section */
		62D129DD934209F501ED4297 /* Pods_Expensify.framework in Frameworks */ = {isa = PBXBuildFile; fileRef = 1B52956EAE786467FD3AE509 /* Pods_Expensify.framework */; };
		A40EA2D42891820D0015FAA6 /* SummaryScreenController.swift in Sources */ = {isa = PBXBuildFile; fileRef = A40EA2D32891820C0015FAA6 /* SummaryScreenController.swift */; };
		A40EA2DA289184D30015FAA6 /* TableViewCell.xib in Resources */ = {isa = PBXBuildFile; fileRef = A40EA2D9289184D30015FAA6 /* TableViewCell.xib */; };
		A40EA2DD289184E50015FAA6 /* TableViewCell.swift in Sources */ = {isa = PBXBuildFile; fileRef = A40EA2DC289184E50015FAA6 /* TableViewCell.swift */; };
		A4C758172896342300211B8A /* Validation.swift in Sources */ = {isa = PBXBuildFile; fileRef = A4C758162896342300211B8A /* Validation.swift */; };
		A4DEDCD42887142A00A45130 /* LoginScreenController.swift in Sources */ = {isa = PBXBuildFile; fileRef = A4DEDCD32887142A00A45130 /* LoginScreenController.swift */; };
		A4DEDCD7288714D100A45130 /* RegisterScreenController.swift in Sources */ = {isa = PBXBuildFile; fileRef = A4DEDCD6288714D100A45130 /* RegisterScreenController.swift */; };
		A4E3A9EC289ABBBE006A71E6 /* AddTransactionViewController.swift in Sources */ = {isa = PBXBuildFile; fileRef = A4E3A9EB289ABBBE006A71E6 /* AddTransactionViewController.swift */; };
		A4F2B1E328A0091C003E99A6 /* FirebaseAuthManager.swift in Sources */ = {isa = PBXBuildFile; fileRef = A4F2B1E228A0091C003E99A6 /* FirebaseAuthManager.swift */; };
		AA5DCC7128A9495A00F540AC /* TransactionModel.swift in Sources */ = {isa = PBXBuildFile; fileRef = AA5DCC7028A9495A00F540AC /* TransactionModel.swift */; };
		AA5DCC7428A9496700F540AC /* ViewModel.swift in Sources */ = {isa = PBXBuildFile; fileRef = AA5DCC7328A9496700F540AC /* ViewModel.swift */; };
		AD6580B028A30BC8001FD622 /* CollectionViewCell.swift in Sources */ = {isa = PBXBuildFile; fileRef = AD6580AF28A30BC8001FD622 /* CollectionViewCell.swift */; };
		AD6580B328A30BE8001FD622 /* HomeScreenController.swift in Sources */ = {isa = PBXBuildFile; fileRef = AD6580B228A30BE8001FD622 /* HomeScreenController.swift */; };
		AD8CDA77289FE71400C9D98F /* GoogleService-Info.plist in Resources */ = {isa = PBXBuildFile; fileRef = AD8CDA76289FE71400C9D98F /* GoogleService-Info.plist */; };
		ADD49EAA2885A6F200EE2CAB /* AppDelegate.swift in Sources */ = {isa = PBXBuildFile; fileRef = ADD49EA92885A6F200EE2CAB /* AppDelegate.swift */; };
		ADD49EAC2885A6F200EE2CAB /* SceneDelegate.swift in Sources */ = {isa = PBXBuildFile; fileRef = ADD49EAB2885A6F200EE2CAB /* SceneDelegate.swift */; };
		ADD49EB12885A6F200EE2CAB /* Main.storyboard in Resources */ = {isa = PBXBuildFile; fileRef = ADD49EAF2885A6F200EE2CAB /* Main.storyboard */; };
		ADD49EB42885A6F200EE2CAB /* Expensify.xcdatamodeld in Sources */ = {isa = PBXBuildFile; fileRef = ADD49EB22885A6F200EE2CAB /* Expensify.xcdatamodeld */; };
		ADD49EB62885A6F300EE2CAB /* Assets.xcassets in Resources */ = {isa = PBXBuildFile; fileRef = ADD49EB52885A6F300EE2CAB /* Assets.xcassets */; };
		ADD49EB92885A6F300EE2CAB /* LaunchScreen.storyboard in Resources */ = {isa = PBXBuildFile; fileRef = ADD49EB72885A6F300EE2CAB /* LaunchScreen.storyboard */; };
/* End PBXBuildFile section */

/* Begin PBXFileReference section */
		0F3A49C76FA6FBE063A8355B /* Pods-Expensify.debug.xcconfig */ = {isa = PBXFileReference; includeInIndex = 1; lastKnownFileType = text.xcconfig; name = "Pods-Expensify.debug.xcconfig"; path = "Target Support Files/Pods-Expensify/Pods-Expensify.debug.xcconfig"; sourceTree = "<group>"; };
		1B52956EAE786467FD3AE509 /* Pods_Expensify.framework */ = {isa = PBXFileReference; explicitFileType = wrapper.framework; includeInIndex = 0; path = Pods_Expensify.framework; sourceTree = BUILT_PRODUCTS_DIR; };
		A40EA2D32891820C0015FAA6 /* SummaryScreenController.swift */ = {isa = PBXFileReference; fileEncoding = 4; lastKnownFileType = sourcecode.swift; path = SummaryScreenController.swift; sourceTree = "<group>"; };
		A40EA2D9289184D30015FAA6 /* TableViewCell.xib */ = {isa = PBXFileReference; fileEncoding = 4; lastKnownFileType = file.xib; path = TableViewCell.xib; sourceTree = "<group>"; };
		A40EA2DC289184E50015FAA6 /* TableViewCell.swift */ = {isa = PBXFileReference; fileEncoding = 4; lastKnownFileType = sourcecode.swift; path = TableViewCell.swift; sourceTree = "<group>"; };
		A4C758162896342300211B8A /* Validation.swift */ = {isa = PBXFileReference; lastKnownFileType = sourcecode.swift; path = Validation.swift; sourceTree = "<group>"; };
		A4DEDCD32887142A00A45130 /* LoginScreenController.swift */ = {isa = PBXFileReference; lastKnownFileType = sourcecode.swift; path = LoginScreenController.swift; sourceTree = "<group>"; };
		A4DEDCD6288714D100A45130 /* RegisterScreenController.swift */ = {isa = PBXFileReference; lastKnownFileType = sourcecode.swift; path = RegisterScreenController.swift; sourceTree = "<group>"; };
		A4E3A9EB289ABBBE006A71E6 /* AddTransactionViewController.swift */ = {isa = PBXFileReference; fileEncoding = 4; lastKnownFileType = sourcecode.swift; path = AddTransactionViewController.swift; sourceTree = "<group>"; };
		A4F2B1E228A0091C003E99A6 /* FirebaseAuthManager.swift */ = {isa = PBXFileReference; lastKnownFileType = sourcecode.swift; path = FirebaseAuthManager.swift; sourceTree = "<group>"; };
		AA5DCC7028A9495A00F540AC /* TransactionModel.swift */ = {isa = PBXFileReference; fileEncoding = 4; lastKnownFileType = sourcecode.swift; path = TransactionModel.swift; sourceTree = "<group>"; };
		AA5DCC7328A9496700F540AC /* ViewModel.swift */ = {isa = PBXFileReference; fileEncoding = 4; lastKnownFileType = sourcecode.swift; path = ViewModel.swift; sourceTree = "<group>"; };
		AD6580AF28A30BC8001FD622 /* CollectionViewCell.swift */ = {isa = PBXFileReference; fileEncoding = 4; lastKnownFileType = sourcecode.swift; path = CollectionViewCell.swift; sourceTree = "<group>"; };
		AD6580B228A30BE8001FD622 /* HomeScreenController.swift */ = {isa = PBXFileReference; fileEncoding = 4; lastKnownFileType = sourcecode.swift; path = HomeScreenController.swift; sourceTree = "<group>"; };
		AD8CDA76289FE71400C9D98F /* GoogleService-Info.plist */ = {isa = PBXFileReference; fileEncoding = 4; lastKnownFileType = text.plist.xml; path = "GoogleService-Info.plist"; sourceTree = "<group>"; };
		ADD49EA62885A6F200EE2CAB /* Expensify.app */ = {isa = PBXFileReference; explicitFileType = wrapper.application; includeInIndex = 0; path = Expensify.app; sourceTree = BUILT_PRODUCTS_DIR; };
		ADD49EA92885A6F200EE2CAB /* AppDelegate.swift */ = {isa = PBXFileReference; lastKnownFileType = sourcecode.swift; path = AppDelegate.swift; sourceTree = "<group>"; };
		ADD49EAB2885A6F200EE2CAB /* SceneDelegate.swift */ = {isa = PBXFileReference; lastKnownFileType = sourcecode.swift; path = SceneDelegate.swift; sourceTree = "<group>"; };
		ADD49EB02885A6F200EE2CAB /* Base */ = {isa = PBXFileReference; lastKnownFileType = file.storyboard; name = Base; path = Base.lproj/Main.storyboard; sourceTree = "<group>"; };
		ADD49EB32885A6F200EE2CAB /* Expensify.xcdatamodel */ = {isa = PBXFileReference; lastKnownFileType = wrapper.xcdatamodel; path = Expensify.xcdatamodel; sourceTree = "<group>"; };
		ADD49EB52885A6F300EE2CAB /* Assets.xcassets */ = {isa = PBXFileReference; lastKnownFileType = folder.assetcatalog; path = Assets.xcassets; sourceTree = "<group>"; };
		ADD49EB82885A6F300EE2CAB /* Base */ = {isa = PBXFileReference; lastKnownFileType = file.storyboard; name = Base; path = Base.lproj/LaunchScreen.storyboard; sourceTree = "<group>"; };
		ADD49EBA2885A6F300EE2CAB /* Info.plist */ = {isa = PBXFileReference; lastKnownFileType = text.plist.xml; path = Info.plist; sourceTree = "<group>"; };
		DD9CB6874C48A692A9A247F2 /* Pods-Expensify.release.xcconfig */ = {isa = PBXFileReference; includeInIndex = 1; lastKnownFileType = text.xcconfig; name = "Pods-Expensify.release.xcconfig"; path = "Target Support Files/Pods-Expensify/Pods-Expensify.release.xcconfig"; sourceTree = "<group>"; };
/* End PBXFileReference section */

/* Begin PBXFrameworksBuildPhase section */
		ADD49EA32885A6F200EE2CAB /* Frameworks */ = {
			isa = PBXFrameworksBuildPhase;
			buildActionMask = 2147483647;
			files = (
				62D129DD934209F501ED4297 /* Pods_Expensify.framework in Frameworks */,
			);
			runOnlyForDeploymentPostprocessing = 0;
		};
/* End PBXFrameworksBuildPhase section */

/* Begin PBXGroup section */
		164C0B305054026B4E28FBDC /* Pods */ = {
			isa = PBXGroup;
			children = (
				0F3A49C76FA6FBE063A8355B /* Pods-Expensify.debug.xcconfig */,
				DD9CB6874C48A692A9A247F2 /* Pods-Expensify.release.xcconfig */,
			);
			path = Pods;
			sourceTree = "<group>";
		};
		6AD5EFB8F6700AE1FBF7CE67 /* Frameworks */ = {
			isa = PBXGroup;
			children = (
				1B52956EAE786467FD3AE509 /* Pods_Expensify.framework */,
			);
			name = Frameworks;
			sourceTree = "<group>";
		};
		A4FC9D63289379FC007D46A8 /* ViewModels */ = {
			isa = PBXGroup;
			children = (
				AA5DCC7328A9496700F540AC /* ViewModel.swift */,
				AA5DCC7028A9495A00F540AC /* TransactionModel.swift */,
				A4C758162896342300211B8A /* Validation.swift */,
				A4F2B1E228A0091C003E99A6 /* FirebaseAuthManager.swift */,
			);
			path = ViewModels;
			sourceTree = "<group>";
		};
		ADD49E9D2885A6F200EE2CAB = {
			isa = PBXGroup;
			children = (
				ADD49EA82885A6F200EE2CAB /* Expensify */,
				ADD49EA72885A6F200EE2CAB /* Products */,
				164C0B305054026B4E28FBDC /* Pods */,
				6AD5EFB8F6700AE1FBF7CE67 /* Frameworks */,
			);
			sourceTree = "<group>";
		};
		ADD49EA72885A6F200EE2CAB /* Products */ = {
			isa = PBXGroup;
			children = (
				ADD49EA62885A6F200EE2CAB /* Expensify.app */,
			);
			name = Products;
			sourceTree = "<group>";
		};
		ADD49EA82885A6F200EE2CAB /* Expensify */ = {
			isa = PBXGroup;
			children = (
				A4FC9D63289379FC007D46A8 /* ViewModels */,
				ADD49EA92885A6F200EE2CAB /* AppDelegate.swift */,
				ADD49EAF2885A6F200EE2CAB /* Main.storyboard */,
				ADD49EAB2885A6F200EE2CAB /* SceneDelegate.swift */,
				A40EA2D32891820C0015FAA6 /* SummaryScreenController.swift */,
				AD6580B228A30BE8001FD622 /* HomeScreenController.swift */,
				A40EA2D9289184D30015FAA6 /* TableViewCell.xib */,
				A40EA2DC289184E50015FAA6 /* TableViewCell.swift */,
				A4DEDCD6288714D100A45130 /* RegisterScreenController.swift */,
				AD6580AF28A30BC8001FD622 /* CollectionViewCell.swift */,
				A4DEDCD32887142A00A45130 /* LoginScreenController.swift */,
				A4E3A9EB289ABBBE006A71E6 /* AddTransactionViewController.swift */,
				ADD49EB52885A6F300EE2CAB /* Assets.xcassets */,
				ADD49EB72885A6F300EE2CAB /* LaunchScreen.storyboard */,
				AD8CDA76289FE71400C9D98F /* GoogleService-Info.plist */,
				ADD49EBA2885A6F300EE2CAB /* Info.plist */,
				ADD49EB22885A6F200EE2CAB /* Expensify.xcdatamodeld */,
			);
			path = Expensify;
			sourceTree = "<group>";
		};
/* End PBXGroup section */

/* Begin PBXNativeTarget section */
		ADD49EA52885A6F200EE2CAB /* Expensify */ = {
			isa = PBXNativeTarget;
			buildConfigurationList = ADD49EBD2885A6F300EE2CAB /* Build configuration list for PBXNativeTarget "Expensify" */;
			buildPhases = (
				133D7A7A8917ECA088C0E78B /* [CP] Check Pods Manifest.lock */,
				ADD49EA22885A6F200EE2CAB /* Sources */,
				ADD49EA32885A6F200EE2CAB /* Frameworks */,
				ADD49EA42885A6F200EE2CAB /* Resources */,
				A4AB7F462626A29C18FBA77F /* [CP] Embed Pods Frameworks */,
			);
			buildRules = (
			);
			dependencies = (
			);
			name = Expensify;
			productName = Expensify;
			productReference = ADD49EA62885A6F200EE2CAB /* Expensify.app */;
			productType = "com.apple.product-type.application";
		};
/* End PBXNativeTarget section */

/* Begin PBXProject section */
		ADD49E9E2885A6F200EE2CAB /* Project object */ = {
			isa = PBXProject;
			attributes = {
				LastSwiftUpdateCheck = 1240;
				LastUpgradeCheck = 1240;
				TargetAttributes = {
					ADD49EA52885A6F200EE2CAB = {
						CreatedOnToolsVersion = 12.4;
					};
				};
			};
			buildConfigurationList = ADD49EA12885A6F200EE2CAB /* Build configuration list for PBXProject "Expensify" */;
			compatibilityVersion = "Xcode 12.0";
			developmentRegion = en;
			hasScannedForEncodings = 0;
			knownRegions = (
				en,
				Base,
			);
			mainGroup = ADD49E9D2885A6F200EE2CAB;
			productRefGroup = ADD49EA72885A6F200EE2CAB /* Products */;
			projectDirPath = "";
			projectRoot = "";
			targets = (
				ADD49EA52885A6F200EE2CAB /* Expensify */,
			);
		};
/* End PBXProject section */

/* Begin PBXResourcesBuildPhase section */
		ADD49EA42885A6F200EE2CAB /* Resources */ = {
			isa = PBXResourcesBuildPhase;
			buildActionMask = 2147483647;
			files = (
				ADD49EB92885A6F300EE2CAB /* LaunchScreen.storyboard in Resources */,
				A40EA2DA289184D30015FAA6 /* TableViewCell.xib in Resources */,
				ADD49EB62885A6F300EE2CAB /* Assets.xcassets in Resources */,
				ADD49EB12885A6F200EE2CAB /* Main.storyboard in Resources */,
				AD8CDA77289FE71400C9D98F /* GoogleService-Info.plist in Resources */,
			);
			runOnlyForDeploymentPostprocessing = 0;
		};
/* End PBXResourcesBuildPhase section */

/* Begin PBXShellScriptBuildPhase section */
		133D7A7A8917ECA088C0E78B /* [CP] Check Pods Manifest.lock */ = {
			isa = PBXShellScriptBuildPhase;
			buildActionMask = 2147483647;
			files = (
			);
			inputFileListPaths = (
			);
			inputPaths = (
				"${PODS_PODFILE_DIR_PATH}/Podfile.lock",
				"${PODS_ROOT}/Manifest.lock",
			);
			name = "[CP] Check Pods Manifest.lock";
			outputFileListPaths = (
			);
			outputPaths = (
				"$(DERIVED_FILE_DIR)/Pods-Expensify-checkManifestLockResult.txt",
			);
			runOnlyForDeploymentPostprocessing = 0;
			shellPath = /bin/sh;
			shellScript = "diff \"${PODS_PODFILE_DIR_PATH}/Podfile.lock\" \"${PODS_ROOT}/Manifest.lock\" > /dev/null\nif [ $? != 0 ] ; then\n    # print error to STDERR\n    echo \"error: The sandbox is not in sync with the Podfile.lock. Run 'pod install' or update your CocoaPods installation.\" >&2\n    exit 1\nfi\n# This output is used by Xcode 'outputs' to avoid re-running this script phase.\necho \"SUCCESS\" > \"${SCRIPT_OUTPUT_FILE_0}\"\n";
			showEnvVarsInLog = 0;
		};
		A4AB7F462626A29C18FBA77F /* [CP] Embed Pods Frameworks */ = {
			isa = PBXShellScriptBuildPhase;
			buildActionMask = 2147483647;
			files = (
			);
			inputFileListPaths = (
				"${PODS_ROOT}/Target Support Files/Pods-Expensify/Pods-Expensify-frameworks-${CONFIGURATION}-input-files.xcfilelist",
			);
			name = "[CP] Embed Pods Frameworks";
			outputFileListPaths = (
				"${PODS_ROOT}/Target Support Files/Pods-Expensify/Pods-Expensify-frameworks-${CONFIGURATION}-output-files.xcfilelist",
			);
			runOnlyForDeploymentPostprocessing = 0;
			shellPath = /bin/sh;
			shellScript = "\"${PODS_ROOT}/Target Support Files/Pods-Expensify/Pods-Expensify-frameworks.sh\"\n";
			showEnvVarsInLog = 0;
		};
/* End PBXShellScriptBuildPhase section */

/* Begin PBXSourcesBuildPhase section */
		ADD49EA22885A6F200EE2CAB /* Sources */ = {
			isa = PBXSourcesBuildPhase;
			buildActionMask = 2147483647;
			files = (
				A4E3A9EC289ABBBE006A71E6 /* AddTransactionViewController.swift in Sources */,
				AD6580B028A30BC8001FD622 /* CollectionViewCell.swift in Sources */,
				A4C758172896342300211B8A /* Validation.swift in Sources */,
				ADD49EB42885A6F200EE2CAB /* Expensify.xcdatamodeld in Sources */,
				AD6580B328A30BE8001FD622 /* HomeScreenController.swift in Sources */,
				A4DEDCD7288714D100A45130 /* RegisterScreenController.swift in Sources */,
				AA5DCC7428A9496700F540AC /* ViewModel.swift in Sources */,
				A4F2B1E328A0091C003E99A6 /* FirebaseAuthManager.swift in Sources */,
				A40EA2DD289184E50015FAA6 /* TableViewCell.swift in Sources */,
				AA5DCC7128A9495A00F540AC /* TransactionModel.swift in Sources */,
				ADD49EAA2885A6F200EE2CAB /* AppDelegate.swift in Sources */,
				A4DEDCD42887142A00A45130 /* LoginScreenController.swift in Sources */,
				A40EA2D42891820D0015FAA6 /* SummaryScreenController.swift in Sources */,
				ADD49EAC2885A6F200EE2CAB /* SceneDelegate.swift in Sources */,
			);
			runOnlyForDeploymentPostprocessing = 0;
		};
/* End PBXSourcesBuildPhase section */

/* Begin PBXVariantGroup section */
		ADD49EAF2885A6F200EE2CAB /* Main.storyboard */ = {
			isa = PBXVariantGroup;
			children = (
				ADD49EB02885A6F200EE2CAB /* Base */,
			);
			name = Main.storyboard;
			sourceTree = "<group>";
		};
		ADD49EB72885A6F300EE2CAB /* LaunchScreen.storyboard */ = {
			isa = PBXVariantGroup;
			children = (
				ADD49EB82885A6F300EE2CAB /* Base */,
			);
			name = LaunchScreen.storyboard;
			sourceTree = "<group>";
		};
/* End PBXVariantGroup section */

/* Begin XCBuildConfiguration section */
		ADD49EBB2885A6F300EE2CAB /* Debug */ = {
			isa = XCBuildConfiguration;
			buildSettings = {
				ALWAYS_SEARCH_USER_PATHS = NO;
				CLANG_ANALYZER_NONNULL = YES;
				CLANG_ANALYZER_NUMBER_OBJECT_CONVERSION = YES_AGGRESSIVE;
				CLANG_CXX_LANGUAGE_STANDARD = "gnu++14";
				CLANG_CXX_LIBRARY = "libc++";
				CLANG_ENABLE_MODULES = YES;
				CLANG_ENABLE_OBJC_ARC = YES;
				CLANG_ENABLE_OBJC_WEAK = YES;
				CLANG_WARN_BLOCK_CAPTURE_AUTORELEASING = YES;
				CLANG_WARN_BOOL_CONVERSION = YES;
				CLANG_WARN_COMMA = YES;
				CLANG_WARN_CONSTANT_CONVERSION = YES;
				CLANG_WARN_DEPRECATED_OBJC_IMPLEMENTATIONS = YES;
				CLANG_WARN_DIRECT_OBJC_ISA_USAGE = YES_ERROR;
				CLANG_WARN_DOCUMENTATION_COMMENTS = YES;
				CLANG_WARN_EMPTY_BODY = YES;
				CLANG_WARN_ENUM_CONVERSION = YES;
				CLANG_WARN_INFINITE_RECURSION = YES;
				CLANG_WARN_INT_CONVERSION = YES;
				CLANG_WARN_NON_LITERAL_NULL_CONVERSION = YES;
				CLANG_WARN_OBJC_IMPLICIT_RETAIN_SELF = YES;
				CLANG_WARN_OBJC_LITERAL_CONVERSION = YES;
				CLANG_WARN_OBJC_ROOT_CLASS = YES_ERROR;
				CLANG_WARN_QUOTED_INCLUDE_IN_FRAMEWORK_HEADER = YES;
				CLANG_WARN_RANGE_LOOP_ANALYSIS = YES;
				CLANG_WARN_STRICT_PROTOTYPES = YES;
				CLANG_WARN_SUSPICIOUS_MOVE = YES;
				CLANG_WARN_UNGUARDED_AVAILABILITY = YES_AGGRESSIVE;
				CLANG_WARN_UNREACHABLE_CODE = YES;
				CLANG_WARN__DUPLICATE_METHOD_MATCH = YES;
				COPY_PHASE_STRIP = NO;
				DEBUG_INFORMATION_FORMAT = dwarf;
				ENABLE_STRICT_OBJC_MSGSEND = YES;
				ENABLE_TESTABILITY = YES;
				GCC_C_LANGUAGE_STANDARD = gnu11;
				GCC_DYNAMIC_NO_PIC = NO;
				GCC_NO_COMMON_BLOCKS = YES;
				GCC_OPTIMIZATION_LEVEL = 0;
				GCC_PREPROCESSOR_DEFINITIONS = (
					"DEBUG=1",
					"$(inherited)",
				);
				GCC_WARN_64_TO_32_BIT_CONVERSION = YES;
				GCC_WARN_ABOUT_RETURN_TYPE = YES_ERROR;
				GCC_WARN_UNDECLARED_SELECTOR = YES;
				GCC_WARN_UNINITIALIZED_AUTOS = YES_AGGRESSIVE;
				GCC_WARN_UNUSED_FUNCTION = YES;
				GCC_WARN_UNUSED_VARIABLE = YES;
				IPHONEOS_DEPLOYMENT_TARGET = 14.4;
				MTL_ENABLE_DEBUG_INFO = INCLUDE_SOURCE;
				MTL_FAST_MATH = YES;
				ONLY_ACTIVE_ARCH = YES;
				SDKROOT = iphoneos;
				SWIFT_ACTIVE_COMPILATION_CONDITIONS = DEBUG;
				SWIFT_OPTIMIZATION_LEVEL = "-Onone";
			};
			name = Debug;
		};
		ADD49EBC2885A6F300EE2CAB /* Release */ = {
			isa = XCBuildConfiguration;
			buildSettings = {
				ALWAYS_SEARCH_USER_PATHS = NO;
				CLANG_ANALYZER_NONNULL = YES;
				CLANG_ANALYZER_NUMBER_OBJECT_CONVERSION = YES_AGGRESSIVE;
				CLANG_CXX_LANGUAGE_STANDARD = "gnu++14";
				CLANG_CXX_LIBRARY = "libc++";
				CLANG_ENABLE_MODULES = YES;
				CLANG_ENABLE_OBJC_ARC = YES;
				CLANG_ENABLE_OBJC_WEAK = YES;
				CLANG_WARN_BLOCK_CAPTURE_AUTORELEASING = YES;
				CLANG_WARN_BOOL_CONVERSION = YES;
				CLANG_WARN_COMMA = YES;
				CLANG_WARN_CONSTANT_CONVERSION = YES;
				CLANG_WARN_DEPRECATED_OBJC_IMPLEMENTATIONS = YES;
				CLANG_WARN_DIRECT_OBJC_ISA_USAGE = YES_ERROR;
				CLANG_WARN_DOCUMENTATION_COMMENTS = YES;
				CLANG_WARN_EMPTY_BODY = YES;
				CLANG_WARN_ENUM_CONVERSION = YES;
				CLANG_WARN_INFINITE_RECURSION = YES;
				CLANG_WARN_INT_CONVERSION = YES;
				CLANG_WARN_NON_LITERAL_NULL_CONVERSION = YES;
				CLANG_WARN_OBJC_IMPLICIT_RETAIN_SELF = YES;
				CLANG_WARN_OBJC_LITERAL_CONVERSION = YES;
				CLANG_WARN_OBJC_ROOT_CLASS = YES_ERROR;
				CLANG_WARN_QUOTED_INCLUDE_IN_FRAMEWORK_HEADER = YES;
				CLANG_WARN_RANGE_LOOP_ANALYSIS = YES;
				CLANG_WARN_STRICT_PROTOTYPES = YES;
				CLANG_WARN_SUSPICIOUS_MOVE = YES;
				CLANG_WARN_UNGUARDED_AVAILABILITY = YES_AGGRESSIVE;
				CLANG_WARN_UNREACHABLE_CODE = YES;
				CLANG_WARN__DUPLICATE_METHOD_MATCH = YES;
				COPY_PHASE_STRIP = NO;
				DEBUG_INFORMATION_FORMAT = "dwarf-with-dsym";
				ENABLE_NS_ASSERTIONS = NO;
				ENABLE_STRICT_OBJC_MSGSEND = YES;
				GCC_C_LANGUAGE_STANDARD = gnu11;
				GCC_NO_COMMON_BLOCKS = YES;
				GCC_WARN_64_TO_32_BIT_CONVERSION = YES;
				GCC_WARN_ABOUT_RETURN_TYPE = YES_ERROR;
				GCC_WARN_UNDECLARED_SELECTOR = YES;
				GCC_WARN_UNINITIALIZED_AUTOS = YES_AGGRESSIVE;
				GCC_WARN_UNUSED_FUNCTION = YES;
				GCC_WARN_UNUSED_VARIABLE = YES;
				IPHONEOS_DEPLOYMENT_TARGET = 14.4;
				MTL_ENABLE_DEBUG_INFO = NO;
				MTL_FAST_MATH = YES;
				SDKROOT = iphoneos;
				SWIFT_COMPILATION_MODE = wholemodule;
				SWIFT_OPTIMIZATION_LEVEL = "-O";
				VALIDATE_PRODUCT = YES;
			};
			name = Release;
		};
		ADD49EBE2885A6F300EE2CAB /* Debug */ = {
			isa = XCBuildConfiguration;
			baseConfigurationReference = 0F3A49C76FA6FBE063A8355B /* Pods-Expensify.debug.xcconfig */;
			buildSettings = {
				ASSETCATALOG_COMPILER_APPICON_NAME = AppIcon;
				ASSETCATALOG_COMPILER_GLOBAL_ACCENT_COLOR_NAME = AccentColor;
				CODE_SIGN_STYLE = Automatic;
				INFOPLIST_FILE = Expensify/Info.plist;
				LD_RUNPATH_SEARCH_PATHS = (
					"$(inherited)",
					"@executable_path/Frameworks",
				);
				PRODUCT_BUNDLE_IDENTIFIER = com.shivam.sampleApp.Expensify;
				PRODUCT_NAME = "$(TARGET_NAME)";
				SWIFT_VERSION = 5.0;
				TARGETED_DEVICE_FAMILY = 1;
			};
			name = Debug;
		};
		ADD49EBF2885A6F300EE2CAB /* Release */ = {
			isa = XCBuildConfiguration;
			baseConfigurationReference = DD9CB6874C48A692A9A247F2 /* Pods-Expensify.release.xcconfig */;
			buildSettings = {
				ASSETCATALOG_COMPILER_APPICON_NAME = AppIcon;
				ASSETCATALOG_COMPILER_GLOBAL_ACCENT_COLOR_NAME = AccentColor;
				CODE_SIGN_STYLE = Automatic;
				INFOPLIST_FILE = Expensify/Info.plist;
				LD_RUNPATH_SEARCH_PATHS = (
					"$(inherited)",
					"@executable_path/Frameworks",
				);
				PRODUCT_BUNDLE_IDENTIFIER = com.shivam.sampleApp.Expensify;
				PRODUCT_NAME = "$(TARGET_NAME)";
				SWIFT_VERSION = 5.0;
				TARGETED_DEVICE_FAMILY = 1;
			};
			name = Release;
		};
/* End XCBuildConfiguration section */

/* Begin XCConfigurationList section */
		ADD49EA12885A6F200EE2CAB /* Build configuration list for PBXProject "Expensify" */ = {
			isa = XCConfigurationList;
			buildConfigurations = (
				ADD49EBB2885A6F300EE2CAB /* Debug */,
				ADD49EBC2885A6F300EE2CAB /* Release */,
			);
			defaultConfigurationIsVisible = 0;
			defaultConfigurationName = Release;
		};
		ADD49EBD2885A6F300EE2CAB /* Build configuration list for PBXNativeTarget "Expensify" */ = {
			isa = XCConfigurationList;
			buildConfigurations = (
				ADD49EBE2885A6F300EE2CAB /* Debug */,
				ADD49EBF2885A6F300EE2CAB /* Release */,
			);
			defaultConfigurationIsVisible = 0;
			defaultConfigurationName = Release;
		};
/* End XCConfigurationList section */

/* Begin XCVersionGroup section */
		ADD49EB22885A6F200EE2CAB /* Expensify.xcdatamodeld */ = {
			isa = XCVersionGroup;
			children = (
				ADD49EB32885A6F200EE2CAB /* Expensify.xcdatamodel */,
			);
			currentVersion = ADD49EB32885A6F200EE2CAB /* Expensify.xcdatamodel */;
			path = Expensify.xcdatamodeld;
			sourceTree = "<group>";
			versionGroupType = wrapper.xcdatamodel;
		};
/* End XCVersionGroup section */
	};
	rootObject = ADD49E9E2885A6F200EE2CAB /* Project object */;
}
